schema: '2.0'
stages:
  load_data:
    cmd: python src/load_data.py --config=params.yaml
    deps:
    - path: data_given/zomato.csv
      md5: 1958c9b8893387ebf47b43997e3d304b
      size: 574071524
    - path: src/get_data.py
      md5: 584eb23639559df0f79546a34360278b
      size: 1093
    - path: src/load_data.py
      md5: 613573b2426e017ea88159fe7d7dd453
      size: 1034
    outs:
    - path: data/raw/zomato.csv
      md5: 77ba6c9aabc1d240b483e560aebbd051
      size: 574372176
  preprocess:
    cmd: python src/preprocess.py --config=params.yaml
    deps:
    - path: data/raw/zomato.csv
      md5: 77ba6c9aabc1d240b483e560aebbd051
      size: 574372176
    - path: src/preprocess.py
      md5: 61e6202ffb7a3a9e317c86c035fefeb3
      size: 2124
    outs:
    - path: data/processed/zomato.csv
      md5: 7eddb037e20263ddb6694a1b791554a5
      size: 91844
  split_data:
    cmd: python src/split_data.py --config=params.yaml
    deps:
    - path: data/processed/zomato.csv
      md5: 7eddb037e20263ddb6694a1b791554a5
      size: 91844
    - path: src/split_data.py
      md5: 7585a3b34856d7d6f43d080348f84a96
      size: 1457
    outs:
    - path: data/splited/test_zomato.csv
      md5: 5810aab269d2d0d4aea89e5c5887c94d
      size: 23013
    - path: data/splited/train_zomato.csv
      md5: b2255d9e51a8dc9c3a07949720d3905a
      size: 68843
  train_and_evaluate:
    cmd: python src/train_and_evaluate.py --config=params.yaml
    deps:
    - path: data/splited/test_zomato.csv
      md5: 5810aab269d2d0d4aea89e5c5887c94d
      size: 23013
    - path: data/splited/train_zomato.csv
      md5: b2255d9e51a8dc9c3a07949720d3905a
      size: 68843
    - path: src/train_and_evaluate.py
